
Microsoft Visual Studio Solution File, Format Version 12.00
# Visual Studio Version 17
VisualStudioVersion = 17.2.32616.157
MinimumVisualStudioVersion = 10.0.40219.1
Project("{FAE04EC0-301F-11D3-BF4B-00C04F79EFBC}") = "Lab_3_2_15", "Lab_3_2_15.csproj", "{F6C83ECA-3DD2-48A7-AE97-E70291BA340E}"
EndProject
Global
	GlobalSection(SolutionConfigurationPlatforms) = preSolution
		Debug|Any CPU = Debug|Any CPU
		Release|Any CPU = Release|Any CPU
	EndGlobalSection
	GlobalSection(ProjectConfigurationPlatforms) = postSolution
		{F6C83ECA-3DD2-48A7-AE97-E70291BA340E}.Debug|Any CPU.ActiveCfg = Debug|Any CPU
		{F6C83ECA-3DD2-48A7-AE97-E70291BA340E}.Debug|Any CPU.Build.0 = Debug|Any CPU
		{F6C83ECA-3DD2-48A7-AE97-E70291BA340E}.Release|Any CPU.ActiveCfg = Release|Any CPU
		{F6C83ECA-3DD2-48A7-AE97-E70291BA340E}.Release|Any CPU.Build.0 = Release|Any CPU
	EndGlobalSection
	GlobalSection(SolutionProperties) = preSolution
		HideSolutionNode = FALSE
	EndGlobalSection
	GlobalSection(ExtensibilityGlobals) = postSolution
		SolutionGuid = {F543D057-8578-4358-9715-13EC1126509A}
	EndGlobalSection
EndGlobal
